
Microsoft Visual Studio Solution File, Format Version 12.00
# Visual Studio Version 17
VisualStudioVersion = 17.14.36518.9
MinimumVisualStudioVersion = 10.0.40219.1
Project("{2150E333-8FDC-42A3-9474-1A3956D46DE8}") = "Services", "Services", "{02EA681E-C7D8-13C7-8484-4AC65E1B71E8}"
EndProject
Project("{2150E333-8FDC-42A3-9474-1A3956D46DE8}") = "Auth", "Auth", "{85DE1A1C-52A9-4254-B5AA-979196805432}"
EndProject
Project("{FAE04EC0-301F-11D3-BF4B-00C04F79EFBC}") = "ThirdStepTask.Auth.API", "ThirdStepTask.API\ThirdStepTask.Auth.API.csproj", "{36ADE67C-8B75-4FDD-9128-0CEA5F40DAD7}"
EndProject
Project("{FAE04EC0-301F-11D3-BF4B-00C04F79EFBC}") = "ThirdStepTask.Auth.Application", "ThirdStepTask.Auth.Application\ThirdStepTask.Auth.Application.csproj", "{AF9AFF15-32B6-41AF-87B7-965C6548D40E}"
EndProject
Project("{FAE04EC0-301F-11D3-BF4B-00C04F79EFBC}") = "ThirdStepTask.Auth.Domain", "ThirdStepTask.Auth.Domain\ThirdStepTask.Auth.Domain.csproj", "{E78E695F-4332-41E9-8952-C130D0278F32}"
EndProject
Project("{FAE04EC0-301F-11D3-BF4B-00C04F79EFBC}") = "ThirdStepTask.Auth.Infrastructure", "ThirdStepTask.Auth.Infrastructure\ThirdStepTask.Auth.Infrastructure.csproj", "{01FCE4D2-03CC-4063-AC43-2ED839D2A09C}"
EndProject
Project("{FAE04EC0-301F-11D3-BF4B-00C04F79EFBC}") = "ThirdStepTask.Auth.Persistence", "ThirdStepTask.Auth.Persistence\ThirdStepTask.Auth.Persistence.csproj", "{2C8DAC51-2011-470E-AE90-292ACD4F5814}"
EndProject
Project("{2150E333-8FDC-42A3-9474-1A3956D46DE8}") = "Product", "Product", "{73B44688-84E7-45B4-A952-C5D93CAE7A57}"
EndProject
Project("{FAE04EC0-301F-11D3-BF4B-00C04F79EFBC}") = "ThirdStepTask.Product.API", "ThirdStepTask.Product.API\ThirdStepTask.Product.API.csproj", "{947D813A-A148-4E78-9283-5934C0AE9C8D}"
EndProject
Project("{FAE04EC0-301F-11D3-BF4B-00C04F79EFBC}") = "ThirdStepTask.Product.Application", "ThirdStepTask.Product.Application\ThirdStepTask.Product.Application.csproj", "{B45A8642-9A31-4801-8C31-DAF149E71288}"
EndProject
Project("{FAE04EC0-301F-11D3-BF4B-00C04F79EFBC}") = "ThirdStepTask.Product.Domain", "ThirdStepTask.Product.Domain\ThirdStepTask.Product.Domain.csproj", "{441AFADC-539E-4AD3-A884-D0236EF6650D}"
EndProject
Project("{FAE04EC0-301F-11D3-BF4B-00C04F79EFBC}") = "ThirdStepTask.Product.Infrastructure", "ThirdStepTask.Product.Infrastructure\ThirdStepTask.Product.Infrastructure.csproj", "{7563ED47-2180-49BC-A7F2-40D54B551512}"
EndProject
Project("{FAE04EC0-301F-11D3-BF4B-00C04F79EFBC}") = "ThirdStepTask.Product.Persistence", "ThirdStepTask.Product.Persistence\ThirdStepTask.Product.Persistence.csproj", "{61526F8B-CB0B-434C-A62A-D053A4291040}"
EndProject
Project("{2150E333-8FDC-42A3-9474-1A3956D46DE8}") = "Log", "Log", "{D3845B69-1D7A-4E50-8CC2-036D8A13AC4D}"
EndProject
Project("{FAE04EC0-301F-11D3-BF4B-00C04F79EFBC}") = "ThirdStepTask.Log.API", "ThirdStepTask.Log.API\ThirdStepTask.Log.API.csproj", "{3B0A1733-3697-47D9-9F9E-17282F81F66E}"
EndProject
Project("{FAE04EC0-301F-11D3-BF4B-00C04F79EFBC}") = "ThirdStepTask.Log.Application", "ThirdStepTask.Log.Application\ThirdStepTask.Log.Application.csproj", "{7FDA42A1-F96F-49B6-9995-6A4AD7802AFD}"
EndProject
Project("{FAE04EC0-301F-11D3-BF4B-00C04F79EFBC}") = "ThirdStepTask.Log.Domain", "ThirdStepTask.Log.Domain\ThirdStepTask.Log.Domain.csproj", "{ADB21912-DC77-4729-A9AB-19BA9B4D4B18}"
EndProject
Project("{FAE04EC0-301F-11D3-BF4B-00C04F79EFBC}") = "ThirdStepTask.Log.Infrastructure", "ThirdStepTask.Log.Infrastructure\ThirdStepTask.Log.Infrastructure.csproj", "{B44656D5-F924-4115-B2C6-2AD8F54C7687}"
EndProject
Project("{FAE04EC0-301F-11D3-BF4B-00C04F79EFBC}") = "ThirdStepTask.Log.Persistence", "ThirdStepTask.Log.Persistence\ThirdStepTask.Log.Persistence.csproj", "{77025733-53E7-4756-A02F-4E05776A01B2}"
EndProject
Project("{2150E333-8FDC-42A3-9474-1A3956D46DE8}") = "ApiGateway", "ApiGateway", "{C27EB0FE-B7EE-4354-A7CB-B244103DBD78}"
EndProject
Project("{FAE04EC0-301F-11D3-BF4B-00C04F79EFBC}") = "Gateway.API", "Gateway.API\Gateway.API.csproj", "{F8854BD5-14C9-44E0-B4B3-4317C13E6332}"
EndProject
Project("{2150E333-8FDC-42A3-9474-1A3956D46DE8}") = "BuildingBlocks", "BuildingBlocks", "{E7933532-DF9F-49A4-BF3E-CBAD2F84A5DA}"
EndProject
Project("{2150E333-8FDC-42A3-9474-1A3956D46DE8}") = "Tests", "Tests", "{E7E979AC-4C2F-491D-9743-F18DBE9D9C5D}"
EndProject
Project("{2150E333-8FDC-42A3-9474-1A3956D46DE8}") = "Auth.Tests", "Auth.Tests", "{D3439650-FC00-410A-B65D-800F8DD660DF}"
EndProject
Project("{2150E333-8FDC-42A3-9474-1A3956D46DE8}") = "Product.Tests", "Product.Tests", "{4D7FD070-9188-4EB9-B1E3-2F6548064C0F}"
EndProject
Project("{2150E333-8FDC-42A3-9474-1A3956D46DE8}") = "Log.Tests", "Log.Tests", "{5D1A3457-7D1E-4C76-88AC-47B75C5A87E7}"
EndProject
Project("{2150E333-8FDC-42A3-9474-1A3956D46DE8}") = "Solution Items", "Solution Items", "{8EC462FD-D22E-90A8-E5CE-7E832BA40C5D}"
	ProjectSection(SolutionItems) = preProject
		.dockerignore = .dockerignore
		.env.example = .env.example
		docker-compose.override.yml = docker-compose.override.yml
		docker-compose.prod.yml = docker-compose.prod.yml
		docker-compose.yml = docker-compose.yml
		docker.ps1 = docker.ps1
		docker.sh = docker.sh
	EndProjectSection
EndProject
Project("{FAE04EC0-301F-11D3-BF4B-00C04F79EFBC}") = "EventBus", "EventBus\EventBus.csproj", "{B88CE134-73B3-46B7-8956-323BC1947AD5}"
EndProject
Project("{FAE04EC0-301F-11D3-BF4B-00C04F79EFBC}") = "EventBus.RabbitMQ", "EventBus.RabbitMQ\EventBus.RabbitMQ.csproj", "{0B7240E0-268E-4C54-8FB0-E65244BE2EFC}"
EndProject
Project("{FAE04EC0-301F-11D3-BF4B-00C04F79EFBC}") = "Common", "Common\Common.csproj", "{18FC0022-3BA3-4D04-BF15-5119A4781D75}"
EndProject
Global
	GlobalSection(SolutionConfigurationPlatforms) = preSolution
		Debug|Any CPU = Debug|Any CPU
		Release|Any CPU = Release|Any CPU
	EndGlobalSection
	GlobalSection(ProjectConfigurationPlatforms) = postSolution
		{36ADE67C-8B75-4FDD-9128-0CEA5F40DAD7}.Debug|Any CPU.ActiveCfg = Debug|Any CPU
		{36ADE67C-8B75-4FDD-9128-0CEA5F40DAD7}.Debug|Any CPU.Build.0 = Debug|Any CPU
		{36ADE67C-8B75-4FDD-9128-0CEA5F40DAD7}.Release|Any CPU.ActiveCfg = Release|Any CPU
		{36ADE67C-8B75-4FDD-9128-0CEA5F40DAD7}.Release|Any CPU.Build.0 = Release|Any CPU
		{AF9AFF15-32B6-41AF-87B7-965C6548D40E}.Debug|Any CPU.ActiveCfg = Debug|Any CPU
		{AF9AFF15-32B6-41AF-87B7-965C6548D40E}.Debug|Any CPU.Build.0 = Debug|Any CPU
		{AF9AFF15-32B6-41AF-87B7-965C6548D40E}.Release|Any CPU.ActiveCfg = Release|Any CPU
		{AF9AFF15-32B6-41AF-87B7-965C6548D40E}.Release|Any CPU.Build.0 = Release|Any CPU
		{E78E695F-4332-41E9-8952-C130D0278F32}.Debug|Any CPU.ActiveCfg = Debug|Any CPU
		{E78E695F-4332-41E9-8952-C130D0278F32}.Debug|Any CPU.Build.0 = Debug|Any CPU
		{E78E695F-4332-41E9-8952-C130D0278F32}.Release|Any CPU.ActiveCfg = Release|Any CPU
		{E78E695F-4332-41E9-8952-C130D0278F32}.Release|Any CPU.Build.0 = Release|Any CPU
		{01FCE4D2-03CC-4063-AC43-2ED839D2A09C}.Debug|Any CPU.ActiveCfg = Debug|Any CPU
		{01FCE4D2-03CC-4063-AC43-2ED839D2A09C}.Debug|Any CPU.Build.0 = Debug|Any CPU
		{01FCE4D2-03CC-4063-AC43-2ED839D2A09C}.Release|Any CPU.ActiveCfg = Release|Any CPU
		{01FCE4D2-03CC-4063-AC43-2ED839D2A09C}.Release|Any CPU.Build.0 = Release|Any CPU
		{2C8DAC51-2011-470E-AE90-292ACD4F5814}.Debug|Any CPU.ActiveCfg = Debug|Any CPU
		{2C8DAC51-2011-470E-AE90-292ACD4F5814}.Debug|Any CPU.Build.0 = Debug|Any CPU
		{2C8DAC51-2011-470E-AE90-292ACD4F5814}.Release|Any CPU.ActiveCfg = Release|Any CPU
		{2C8DAC51-2011-470E-AE90-292ACD4F5814}.Release|Any CPU.Build.0 = Release|Any CPU
		{947D813A-A148-4E78-9283-5934C0AE9C8D}.Debug|Any CPU.ActiveCfg = Debug|Any CPU
		{947D813A-A148-4E78-9283-5934C0AE9C8D}.Debug|Any CPU.Build.0 = Debug|Any CPU
		{947D813A-A148-4E78-9283-5934C0AE9C8D}.Release|Any CPU.ActiveCfg = Release|Any CPU
		{947D813A-A148-4E78-9283-5934C0AE9C8D}.Release|Any CPU.Build.0 = Release|Any CPU
		{B45A8642-9A31-4801-8C31-DAF149E71288}.Debug|Any CPU.ActiveCfg = Debug|Any CPU
		{B45A8642-9A31-4801-8C31-DAF149E71288}.Debug|Any CPU.Build.0 = Debug|Any CPU
		{B45A8642-9A31-4801-8C31-DAF149E71288}.Release|Any CPU.ActiveCfg = Release|Any CPU
		{B45A8642-9A31-4801-8C31-DAF149E71288}.Release|Any CPU.Build.0 = Release|Any CPU
		{441AFADC-539E-4AD3-A884-D0236EF6650D}.Debug|Any CPU.ActiveCfg = Debug|Any CPU
		{441AFADC-539E-4AD3-A884-D0236EF6650D}.Debug|Any CPU.Build.0 = Debug|Any CPU
		{441AFADC-539E-4AD3-A884-D0236EF6650D}.Release|Any CPU.ActiveCfg = Release|Any CPU
		{441AFADC-539E-4AD3-A884-D0236EF6650D}.Release|Any CPU.Build.0 = Release|Any CPU
		{7563ED47-2180-49BC-A7F2-40D54B551512}.Debug|Any CPU.ActiveCfg = Debug|Any CPU
		{7563ED47-2180-49BC-A7F2-40D54B551512}.Debug|Any CPU.Build.0 = Debug|Any CPU
		{7563ED47-2180-49BC-A7F2-40D54B551512}.Release|Any CPU.ActiveCfg = Release|Any CPU
		{7563ED47-2180-49BC-A7F2-40D54B551512}.Release|Any CPU.Build.0 = Release|Any CPU
		{61526F8B-CB0B-434C-A62A-D053A4291040}.Debug|Any CPU.ActiveCfg = Debug|Any CPU
		{61526F8B-CB0B-434C-A62A-D053A4291040}.Debug|Any CPU.Build.0 = Debug|Any CPU
		{61526F8B-CB0B-434C-A62A-D053A4291040}.Release|Any CPU.ActiveCfg = Release|Any CPU
		{61526F8B-CB0B-434C-A62A-D053A4291040}.Release|Any CPU.Build.0 = Release|Any CPU
		{3B0A1733-3697-47D9-9F9E-17282F81F66E}.Debug|Any CPU.ActiveCfg = Debug|Any CPU
		{3B0A1733-3697-47D9-9F9E-17282F81F66E}.Debug|Any CPU.Build.0 = Debug|Any CPU
		{3B0A1733-3697-47D9-9F9E-17282F81F66E}.Release|Any CPU.ActiveCfg = Release|Any CPU
		{3B0A1733-3697-47D9-9F9E-17282F81F66E}.Release|Any CPU.Build.0 = Release|Any CPU
		{7FDA42A1-F96F-49B6-9995-6A4AD7802AFD}.Debug|Any CPU.ActiveCfg = Debug|Any CPU
		{7FDA42A1-F96F-49B6-9995-6A4AD7802AFD}.Debug|Any CPU.Build.0 = Debug|Any CPU
		{7FDA42A1-F96F-49B6-9995-6A4AD7802AFD}.Release|Any CPU.ActiveCfg = Release|Any CPU
		{7FDA42A1-F96F-49B6-9995-6A4AD7802AFD}.Release|Any CPU.Build.0 = Release|Any CPU
		{ADB21912-DC77-4729-A9AB-19BA9B4D4B18}.Debug|Any CPU.ActiveCfg = Debug|Any CPU
		{ADB21912-DC77-4729-A9AB-19BA9B4D4B18}.Debug|Any CPU.Build.0 = Debug|Any CPU
		{ADB21912-DC77-4729-A9AB-19BA9B4D4B18}.Release|Any CPU.ActiveCfg = Release|Any CPU
		{ADB21912-DC77-4729-A9AB-19BA9B4D4B18}.Release|Any CPU.Build.0 = Release|Any CPU
		{B44656D5-F924-4115-B2C6-2AD8F54C7687}.Debug|Any CPU.ActiveCfg = Debug|Any CPU
		{B44656D5-F924-4115-B2C6-2AD8F54C7687}.Debug|Any CPU.Build.0 = Debug|Any CPU
		{B44656D5-F924-4115-B2C6-2AD8F54C7687}.Release|Any CPU.ActiveCfg = Release|Any CPU
		{B44656D5-F924-4115-B2C6-2AD8F54C7687}.Release|Any CPU.Build.0 = Release|Any CPU
		{77025733-53E7-4756-A02F-4E05776A01B2}.Debug|Any CPU.ActiveCfg = Debug|Any CPU
		{77025733-53E7-4756-A02F-4E05776A01B2}.Debug|Any CPU.Build.0 = Debug|Any CPU
		{77025733-53E7-4756-A02F-4E05776A01B2}.Release|Any CPU.ActiveCfg = Release|Any CPU
		{77025733-53E7-4756-A02F-4E05776A01B2}.Release|Any CPU.Build.0 = Release|Any CPU
		{F8854BD5-14C9-44E0-B4B3-4317C13E6332}.Debug|Any CPU.ActiveCfg = Debug|Any CPU
		{F8854BD5-14C9-44E0-B4B3-4317C13E6332}.Debug|Any CPU.Build.0 = Debug|Any CPU
		{F8854BD5-14C9-44E0-B4B3-4317C13E6332}.Release|Any CPU.ActiveCfg = Release|Any CPU
		{F8854BD5-14C9-44E0-B4B3-4317C13E6332}.Release|Any CPU.Build.0 = Release|Any CPU
		{B88CE134-73B3-46B7-8956-323BC1947AD5}.Debug|Any CPU.ActiveCfg = Debug|Any CPU
		{B88CE134-73B3-46B7-8956-323BC1947AD5}.Debug|Any CPU.Build.0 = Debug|Any CPU
		{B88CE134-73B3-46B7-8956-323BC1947AD5}.Release|Any CPU.ActiveCfg = Release|Any CPU
		{B88CE134-73B3-46B7-8956-323BC1947AD5}.Release|Any CPU.Build.0 = Release|Any CPU
		{0B7240E0-268E-4C54-8FB0-E65244BE2EFC}.Debug|Any CPU.ActiveCfg = Debug|Any CPU
		{0B7240E0-268E-4C54-8FB0-E65244BE2EFC}.Debug|Any CPU.Build.0 = Debug|Any CPU
		{0B7240E0-268E-4C54-8FB0-E65244BE2EFC}.Release|Any CPU.ActiveCfg = Release|Any CPU
		{0B7240E0-268E-4C54-8FB0-E65244BE2EFC}.Release|Any CPU.Build.0 = Release|Any CPU
		{18FC0022-3BA3-4D04-BF15-5119A4781D75}.Debug|Any CPU.ActiveCfg = Debug|Any CPU
		{18FC0022-3BA3-4D04-BF15-5119A4781D75}.Debug|Any CPU.Build.0 = Debug|Any CPU
		{18FC0022-3BA3-4D04-BF15-5119A4781D75}.Release|Any CPU.ActiveCfg = Release|Any CPU
		{18FC0022-3BA3-4D04-BF15-5119A4781D75}.Release|Any CPU.Build.0 = Release|Any CPU
	EndGlobalSection
	GlobalSection(SolutionProperties) = preSolution
		HideSolutionNode = FALSE
	EndGlobalSection
	GlobalSection(NestedProjects) = preSolution
		{85DE1A1C-52A9-4254-B5AA-979196805432} = {02EA681E-C7D8-13C7-8484-4AC65E1B71E8}
		{36ADE67C-8B75-4FDD-9128-0CEA5F40DAD7} = {85DE1A1C-52A9-4254-B5AA-979196805432}
		{AF9AFF15-32B6-41AF-87B7-965C6548D40E} = {85DE1A1C-52A9-4254-B5AA-979196805432}
		{E78E695F-4332-41E9-8952-C130D0278F32} = {85DE1A1C-52A9-4254-B5AA-979196805432}
		{01FCE4D2-03CC-4063-AC43-2ED839D2A09C} = {85DE1A1C-52A9-4254-B5AA-979196805432}
		{2C8DAC51-2011-470E-AE90-292ACD4F5814} = {85DE1A1C-52A9-4254-B5AA-979196805432}
		{73B44688-84E7-45B4-A952-C5D93CAE7A57} = {02EA681E-C7D8-13C7-8484-4AC65E1B71E8}
		{947D813A-A148-4E78-9283-5934C0AE9C8D} = {73B44688-84E7-45B4-A952-C5D93CAE7A57}
		{B45A8642-9A31-4801-8C31-DAF149E71288} = {73B44688-84E7-45B4-A952-C5D93CAE7A57}
		{441AFADC-539E-4AD3-A884-D0236EF6650D} = {73B44688-84E7-45B4-A952-C5D93CAE7A57}
		{7563ED47-2180-49BC-A7F2-40D54B551512} = {73B44688-84E7-45B4-A952-C5D93CAE7A57}
		{61526F8B-CB0B-434C-A62A-D053A4291040} = {73B44688-84E7-45B4-A952-C5D93CAE7A57}
		{D3845B69-1D7A-4E50-8CC2-036D8A13AC4D} = {02EA681E-C7D8-13C7-8484-4AC65E1B71E8}
		{3B0A1733-3697-47D9-9F9E-17282F81F66E} = {D3845B69-1D7A-4E50-8CC2-036D8A13AC4D}
		{7FDA42A1-F96F-49B6-9995-6A4AD7802AFD} = {D3845B69-1D7A-4E50-8CC2-036D8A13AC4D}
		{ADB21912-DC77-4729-A9AB-19BA9B4D4B18} = {D3845B69-1D7A-4E50-8CC2-036D8A13AC4D}
		{B44656D5-F924-4115-B2C6-2AD8F54C7687} = {D3845B69-1D7A-4E50-8CC2-036D8A13AC4D}
		{77025733-53E7-4756-A02F-4E05776A01B2} = {D3845B69-1D7A-4E50-8CC2-036D8A13AC4D}
		{F8854BD5-14C9-44E0-B4B3-4317C13E6332} = {C27EB0FE-B7EE-4354-A7CB-B244103DBD78}
		{D3439650-FC00-410A-B65D-800F8DD660DF} = {E7E979AC-4C2F-491D-9743-F18DBE9D9C5D}
		{4D7FD070-9188-4EB9-B1E3-2F6548064C0F} = {E7E979AC-4C2F-491D-9743-F18DBE9D9C5D}
		{5D1A3457-7D1E-4C76-88AC-47B75C5A87E7} = {E7E979AC-4C2F-491D-9743-F18DBE9D9C5D}
		{B88CE134-73B3-46B7-8956-323BC1947AD5} = {E7933532-DF9F-49A4-BF3E-CBAD2F84A5DA}
		{0B7240E0-268E-4C54-8FB0-E65244BE2EFC} = {E7933532-DF9F-49A4-BF3E-CBAD2F84A5DA}
		{18FC0022-3BA3-4D04-BF15-5119A4781D75} = {E7933532-DF9F-49A4-BF3E-CBAD2F84A5DA}
	EndGlobalSection
	GlobalSection(ExtensibilityGlobals) = postSolution
		SolutionGuid = {4937B3AE-3CD6-43A9-BAA5-35047C96DDA8}
	EndGlobalSection
EndGlobal
